
Microsoft Visual Studio Solution File, Format Version 12.00
# Visual Studio 14
VisualStudioVersion = 14.0.24720.0
MinimumVisualStudioVersion = 10.0.40219.1
Project("{FAE04EC0-301F-11D3-BF4B-00C04F79EFBC}") = "BoggleService", "BoggleService\BoggleService.csproj", "{27879B14-6F92-4FD5-B48E-723C9F6EE7B7}"
EndProject
Project("{FAE04EC0-301F-11D3-BF4B-00C04F79EFBC}") = "Foo", "Foo\Foo.csproj", "{6F1B4B8A-E6CD-47BC-8A3B-D149EBAB622F}"
EndProject
Project("{2150E333-8FDC-42A3-9474-1A3956D46DE8}") = "Solution Items", "Solution Items", "{FD0CCC1F-51E4-41DC-A9C8-F62F80BF2F83}"
	ProjectSection(SolutionItems) = preProject
		Net45\Newtonsoft.Json.dll = Net45\Newtonsoft.Json.dll
		StringSocket.dll = StringSocket.dll
	EndProjectSection
EndProject
Global
	GlobalSection(SolutionConfigurationPlatforms) = preSolution
		Debug|Any CPU = Debug|Any CPU
		Release|Any CPU = Release|Any CPU
	EndGlobalSection
	GlobalSection(ProjectConfigurationPlatforms) = postSolution
		{27879B14-6F92-4FD5-B48E-723C9F6EE7B7}.Debug|Any CPU.ActiveCfg = Debug|Any CPU
		{27879B14-6F92-4FD5-B48E-723C9F6EE7B7}.Debug|Any CPU.Build.0 = Debug|Any CPU
		{27879B14-6F92-4FD5-B48E-723C9F6EE7B7}.Release|Any CPU.ActiveCfg = Release|Any CPU
		{27879B14-6F92-4FD5-B48E-723C9F6EE7B7}.Release|Any CPU.Build.0 = Release|Any CPU
		{6F1B4B8A-E6CD-47BC-8A3B-D149EBAB622F}.Debug|Any CPU.ActiveCfg = Debug|Any CPU
		{6F1B4B8A-E6CD-47BC-8A3B-D149EBAB622F}.Debug|Any CPU.Build.0 = Debug|Any CPU
		{6F1B4B8A-E6CD-47BC-8A3B-D149EBAB622F}.Release|Any CPU.ActiveCfg = Release|Any CPU
		{6F1B4B8A-E6CD-47BC-8A3B-D149EBAB622F}.Release|Any CPU.Build.0 = Release|Any CPU
	EndGlobalSection
	GlobalSection(SolutionProperties) = preSolution
		HideSolutionNode = FALSE
	EndGlobalSection
EndGlobal
